// !$*UTF8*$!
{
	archiveVersion = 1;
	classes = {
	};
	objectVersion = 56;
	objects = {

/* Begin PBXBuildFile section */
		D1A6F2A72E3B614E006A2DEC /* DemoVideo_macApp.swift in Sources */ = {isa = PBXBuildFile; fileRef = D1A6F2A62E3B614E006A2DEC /* DemoVideo_macApp.swift */; };
		D1A6F2A92E3B614E006A2DEC /* ContentView.swift in Sources */ = {isa = PBXBuildFile; fileRef = D1A6F2A82E3B614E006A2DEC /* ContentView.swift */; };
		D1A6F2AB2E3B614F006A2DEC /* Assets.xcassets in Resources */ = {isa = PBXBuildFile; fileRef = D1A6F2AA2E3B614F006A2DEC /* Assets.xcassets */; };
		D1A6F2AE2E3B614F006A2DEC /* Preview Assets.xcassets in Resources */ = {isa = PBXBuildFile; fileRef = D1A6F2AD2E3B614F006A2DEC /* Preview Assets.xcassets */; };
		D1A6F2B92E3B614F006A2DEC /* DemoVideo_macTests.swift in Sources */ = {isa = PBXBuildFile; fileRef = D1A6F2B82E3B614F006A2DEC /* DemoVideo_macTests.swift */; };
		D1A6F2C32E3B614F006A2DEC /* DemoVideo_macUITests.swift in Sources */ = {isa = PBXBuildFile; fileRef = D1A6F2C22E3B614F006A2DEC /* DemoVideo_macUITests.swift */; };
		D1A6F2C52E3B614F006A2DEC /* DemoVideo_macUITestsLaunchTests.swift in Sources */ = {isa = PBXBuildFile; fileRef = D1A6F2C42E3B614F006A2DEC /* DemoVideo_macUITestsLaunchTests.swift */; };
/* End PBXBuildFile section */

/* Begin PBXContainerItemProxy section */
		D1A6F2B52E3B614F006A2DEC /* PBXContainerItemProxy */ = {
			isa = PBXContainerItemProxy;
			containerPortal = D1A6F29B2E3B614E006A2DEC /* Project object */;
			proxyType = 1;
			remoteGlobalIDString = D1A6F2A22E3B614E006A2DEC;
			remoteInfo = "DemoVideo-mac";
		};
		D1A6F2BF2E3B614F006A2DEC /* PBXContainerItemProxy */ = {
			isa = PBXContainerItemProxy;
			containerPortal = D1A6F29B2E3B614E006A2DEC /* Project object */;
			proxyType = 1;
			remoteGlobalIDString = D1A6F2A22E3B614E006A2DEC;
			remoteInfo = "DemoVideo-mac";
		};
/* End PBXContainerItemProxy section */

/* Begin PBXFileReference section */
		D1A6F2A32E3B614E006A2DEC /* DemoVideo-mac.app */ = {isa = PBXFileReference; explicitFileType = wrapper.application; includeInIndex = 0; path = "DemoVideo-mac.app"; sourceTree = BUILT_PRODUCTS_DIR; };
		D1A6F2A62E3B614E006A2DEC /* DemoVideo_macApp.swift */ = {isa = PBXFileReference; lastKnownFileType = sourcecode.swift; path = DemoVideo_macApp.swift; sourceTree = "<group>"; };
		D1A6F2A82E3B614E006A2DEC /* ContentView.swift */ = {isa = PBXFileReference; lastKnownFileType = sourcecode.swift; path = ContentView.swift; sourceTree = "<group>"; };
		D1A6F2AA2E3B614F006A2DEC /* Assets.xcassets */ = {isa = PBXFileReference; lastKnownFileType = folder.assetcatalog; path = Assets.xcassets; sourceTree = "<group>"; };
		D1A6F2AD2E3B614F006A2DEC /* Preview Assets.xcassets */ = {isa = PBXFileReference; lastKnownFileType = folder.assetcatalog; path = "Preview Assets.xcassets"; sourceTree = "<group>"; };
		D1A6F2AF2E3B614F006A2DEC /* DemoVideo_mac.entitlements */ = {isa = PBXFileReference; lastKnownFileType = text.plist.entitlements; path = DemoVideo_mac.entitlements; sourceTree = "<group>"; };
		D1A6F2B42E3B614F006A2DEC /* DemoVideo-macTests.xctest */ = {isa = PBXFileReference; explicitFileType = wrapper.cfbundle; includeInIndex = 0; path = "DemoVideo-macTests.xctest"; sourceTree = BUILT_PRODUCTS_DIR; };
		D1A6F2B82E3B614F006A2DEC /* DemoVideo_macTests.swift */ = {isa = PBXFileReference; lastKnownFileType = sourcecode.swift; path = DemoVideo_macTests.swift; sourceTree = "<group>"; };
		D1A6F2BE2E3B614F006A2DEC /* DemoVideo-macUITests.xctest */ = {isa = PBXFileReference; explicitFileType = wrapper.cfbundle; includeInIndex = 0; path = "DemoVideo-macUITests.xctest"; sourceTree = BUILT_PRODUCTS_DIR; };
		D1A6F2C22E3B614F006A2DEC /* DemoVideo_macUITests.swift */ = {isa = PBXFileReference; lastKnownFileType = sourcecode.swift; path = DemoVideo_macUITests.swift; sourceTree = "<group>"; };
		D1A6F2C42E3B614F006A2DEC /* DemoVideo_macUITestsLaunchTests.swift */ = {isa = PBXFileReference; lastKnownFileType = sourcecode.swift; path = DemoVideo_macUITestsLaunchTests.swift; sourceTree = "<group>"; };
/* End PBXFileReference section */

/* Begin PBXFrameworksBuildPhase section */
		D1A6F2A02E3B614E006A2DEC /* Frameworks */ = {
			isa = PBXFrameworksBuildPhase;
			buildActionMask = 2147483647;
			files = (
			);
			runOnlyForDeploymentPostprocessing = 0;
		};
		D1A6F2B12E3B614F006A2DEC /* Frameworks */ = {
			isa = PBXFrameworksBuildPhase;
			buildActionMask = 2147483647;
			files = (
			);
			runOnlyForDeploymentPostprocessing = 0;
		};
		D1A6F2BB2E3B614F006A2DEC /* Frameworks */ = {
			isa = PBXFrameworksBuildPhase;
			buildActionMask = 2147483647;
			files = (
			);
			runOnlyForDeploymentPostprocessing = 0;
		};
/* End PBXFrameworksBuildPhase section */

/* Begin PBXGroup section */
		D1A6F29A2E3B614E006A2DEC = {
			isa = PBXGroup;
			children = (
				D1A6F2A52E3B614E006A2DEC /* DemoVideo-mac */,
				D1A6F2B72E3B614F006A2DEC /* DemoVideo-macTests */,
				D1A6F2C12E3B614F006A2DEC /* DemoVideo-macUITests */,
				D1A6F2A42E3B614E006A2DEC /* Products */,
			);
			sourceTree = "<group>";
		};
		D1A6F2A42E3B614E006A2DEC /* Products */ = {
			isa = PBXGroup;
			children = (
				D1A6F2A32E3B614E006A2DEC /* DemoVideo-mac.app */,
				D1A6F2B42E3B614F006A2DEC /* DemoVideo-macTests.xctest */,
				D1A6F2BE2E3B614F006A2DEC /* DemoVideo-macUITests.xctest */,
			);
			name = Products;
			sourceTree = "<group>";
		};
		D1A6F2A52E3B614E006A2DEC /* DemoVideo-mac */ = {
			isa = PBXGroup;
			children = (
				D1A6F2A62E3B614E006A2DEC /* DemoVideo_macApp.swift */,
				D1A6F2A82E3B614E006A2DEC /* ContentView.swift */,
				D1A6F2AA2E3B614F006A2DEC /* Assets.xcassets */,
				D1A6F2AF2E3B614F006A2DEC /* DemoVideo_mac.entitlements */,
				D1A6F2AC2E3B614F006A2DEC /* Preview Content */,
			);
			path = "DemoVideo-mac";
			sourceTree = "<group>";
		};
		D1A6F2AC2E3B614F006A2DEC /* Preview Content */ = {
			isa = PBXGroup;
			children = (
				D1A6F2AD2E3B614F006A2DEC /* Preview Assets.xcassets */,
			);
			path = "Preview Content";
			sourceTree = "<group>";
		};
		D1A6F2B72E3B614F006A2DEC /* DemoVideo-macTests */ = {
			isa = PBXGroup;
			children = (
				D1A6F2B82E3B614F006A2DEC /* DemoVideo_macTests.swift */,
			);
			path = "DemoVideo-macTests";
			sourceTree = "<group>";
		};
		D1A6F2C12E3B614F006A2DEC /* DemoVideo-macUITests */ = {
			isa = PBXGroup;
			children = (
				D1A6F2C22E3B614F006A2DEC /* DemoVideo_macUITests.swift */,
				D1A6F2C42E3B614F006A2DEC /* DemoVideo_macUITestsLaunchTests.swift */,
			);
			path = "DemoVideo-macUITests";
			sourceTree = "<group>";
		};
/* End PBXGroup section */

/* Begin PBXNativeTarget section */
		D1A6F2A22E3B614E006A2DEC /* DemoVideo-mac */ = {
			isa = PBXNativeTarget;
			buildConfigurationList = D1A6F2C82E3B614F006A2DEC /* Build configuration list for PBXNativeTarget "DemoVideo-mac" */;
			buildPhases = (
				D1A6F29F2E3B614E006A2DEC /* Sources */,
				D1A6F2A02E3B614E006A2DEC /* Frameworks */,
				D1A6F2A12E3B614E006A2DEC /* Resources */,
			);
			buildRules = (
			);
			dependencies = (
			);
			name = "DemoVideo-mac";
			productName = "DemoVideo-mac";
			productReference = D1A6F2A32E3B614E006A2DEC /* DemoVideo-mac.app */;
			productType = "com.apple.product-type.application";
		};
		D1A6F2B32E3B614F006A2DEC /* DemoVideo-macTests */ = {
			isa = PBXNativeTarget;
			buildConfigurationList = D1A6F2CB2E3B614F006A2DEC /* Build configuration list for PBXNativeTarget "DemoVideo-macTests" */;
			buildPhases = (
				D1A6F2B02E3B614F006A2DEC /* Sources */,
				D1A6F2B12E3B614F006A2DEC /* Frameworks */,
				D1A6F2B22E3B614F006A2DEC /* Resources */,
			);
			buildRules = (
			);
			dependencies = (
				D1A6F2B62E3B614F006A2DEC /* PBXTargetDependency */,
			);
			name = "DemoVideo-macTests";
			productName = "DemoVideo-macTests";
			productReference = D1A6F2B42E3B614F006A2DEC /* DemoVideo-macTests.xctest */;
			productType = "com.apple.product-type.bundle.unit-test";
		};
		D1A6F2BD2E3B614F006A2DEC /* DemoVideo-macUITests */ = {
			isa = PBXNativeTarget;
			buildConfigurationList = D1A6F2CE2E3B614F006A2DEC /* Build configuration list for PBXNativeTarget "DemoVideo-macUITests" */;
			buildPhases = (
				D1A6F2BA2E3B614F006A2DEC /* Sources */,
				D1A6F2BB2E3B614F006A2DEC /* Frameworks */,
				D1A6F2BC2E3B614F006A2DEC /* Resources */,
			);
			buildRules = (
			);
			dependencies = (
				D1A6F2C02E3B614F006A2DEC /* PBXTargetDependency */,
			);
			name = "DemoVideo-macUITests";
			productName = "DemoVideo-macUITests";
			productReference = D1A6F2BE2E3B614F006A2DEC /* DemoVideo-macUITests.xctest */;
			productType = "com.apple.product-type.bundle.ui-testing";
		};
/* End PBXNativeTarget section */

/* Begin PBXProject section */
		D1A6F29B2E3B614E006A2DEC /* Project object */ = {
			isa = PBXProject;
			attributes = {
				BuildIndependentTargetsInParallel = 1;
				LastSwiftUpdateCheck = 1540;
				LastUpgradeCheck = 1540;
				TargetAttributes = {
					D1A6F2A22E3B614E006A2DEC = {
						CreatedOnToolsVersion = 15.4;
					};
					D1A6F2B32E3B614F006A2DEC = {
						CreatedOnToolsVersion = 15.4;
						TestTargetID = D1A6F2A22E3B614E006A2DEC;
					};
					D1A6F2BD2E3B614F006A2DEC = {
						CreatedOnToolsVersion = 15.4;
						TestTargetID = D1A6F2A22E3B614E006A2DEC;
					};
				};
			};
			buildConfigurationList = D1A6F29E2E3B614E006A2DEC /* Build configuration list for PBXProject "DemoVideo-mac" */;
			compatibilityVersion = "Xcode 14.0";
			developmentRegion = en;
			hasScannedForEncodings = 0;
			knownRegions = (
				en,
				Base,
			);
			mainGroup = D1A6F29A2E3B614E006A2DEC;
			productRefGroup = D1A6F2A42E3B614E006A2DEC /* Products */;
			projectDirPath = "";
			projectRoot = "";
			targets = (
				D1A6F2A22E3B614E006A2DEC /* DemoVideo-mac */,
				D1A6F2B32E3B614F006A2DEC /* DemoVideo-macTests */,
				D1A6F2BD2E3B614F006A2DEC /* DemoVideo-macUITests */,
			);
		};
/* End PBXProject section */

/* Begin PBXResourcesBuildPhase section */
		D1A6F2A12E3B614E006A2DEC /* Resources */ = {
			isa = PBXResourcesBuildPhase;
			buildActionMask = 2147483647;
			files = (
				D1A6F2AE2E3B614F006A2DEC /* Preview Assets.xcassets in Resources */,
				D1A6F2AB2E3B614F006A2DEC /* Assets.xcassets in Resources */,
			);
			runOnlyForDeploymentPostprocessing = 0;
		};
		D1A6F2B22E3B614F006A2DEC /* Resources */ = {
			isa = PBXResourcesBuildPhase;
			buildActionMask = 2147483647;
			files = (
			);
			runOnlyForDeploymentPostprocessing = 0;
		};
		D1A6F2BC2E3B614F006A2DEC /* Resources */ = {
			isa = PBXResourcesBuildPhase;
			buildActionMask = 2147483647;
			files = (
			);
			runOnlyForDeploymentPostprocessing = 0;
		};
/* End PBXResourcesBuildPhase section */

/* Begin PBXSourcesBuildPhase section */
		D1A6F29F2E3B614E006A2DEC /* Sources */ = {
			isa = PBXSourcesBuildPhase;
			buildActionMask = 2147483647;
			files = (
				D1A6F2A92E3B614E006A2DEC /* ContentView.swift in Sources */,
				D1A6F2A72E3B614E006A2DEC /* DemoVideo_macApp.swift in Sources */,
			);
			runOnlyForDeploymentPostprocessing = 0;
		};
		D1A6F2B02E3B614F006A2DEC /* Sources */ = {
			isa = PBXSourcesBuildPhase;
			buildActionMask = 2147483647;
			files = (
				D1A6F2B92E3B614F006A2DEC /* DemoVideo_macTests.swift in Sources */,
			);
			runOnlyForDeploymentPostprocessing = 0;
		};
		D1A6F2BA2E3B614F006A2DEC /* Sources */ = {
			isa = PBXSourcesBuildPhase;
			buildActionMask = 2147483647;
			files = (
				D1A6F2C32E3B614F006A2DEC /* DemoVideo_macUITests.swift in Sources */,
				D1A6F2C52E3B614F006A2DEC /* DemoVideo_macUITestsLaunchTests.swift in Sources */,
			);
			runOnlyForDeploymentPostprocessing = 0;
		};
/* End PBXSourcesBuildPhase section */

/* Begin PBXTargetDependency section */
		D1A6F2B62E3B614F006A2DEC /* PBXTargetDependency */ = {
			isa = PBXTargetDependency;
			target = D1A6F2A22E3B614E006A2DEC /* DemoVideo-mac */;
			targetProxy = D1A6F2B52E3B614F006A2DEC /* PBXContainerItemProxy */;
		};
		D1A6F2C02E3B614F006A2DEC /* PBXTargetDependency */ = {
			isa = PBXTargetDependency;
			target = D1A6F2A22E3B614E006A2DEC /* DemoVideo-mac */;
			targetProxy = D1A6F2BF2E3B614F006A2DEC /* PBXContainerItemProxy */;
		};
/* End PBXTargetDependency section */

/* Begin XCBuildConfiguration section */
		D1A6F2C62E3B614F006A2DEC /* Debug */ = {
			isa = XCBuildConfiguration;
			buildSettings = {
				ALWAYS_SEARCH_USER_PATHS = NO;
				ASSETCATALOG_COMPILER_GENERATE_SWIFT_ASSET_SYMBOL_EXTENSIONS = YES;
				CLANG_ANALYZER_NONNULL = YES;
				CLANG_ANALYZER_NUMBER_OBJECT_CONVERSION = YES_AGGRESSIVE;
				CLANG_CXX_LANGUAGE_STANDARD = "gnu++20";
				CLANG_ENABLE_MODULES = YES;
				CLANG_ENABLE_OBJC_ARC = YES;
				CLANG_ENABLE_OBJC_WEAK = YES;
				CLANG_WARN_BLOCK_CAPTURE_AUTORELEASING = YES;
				CLANG_WARN_BOOL_CONVERSION = YES;
				CLANG_WARN_COMMA = YES;
				CLANG_WARN_CONSTANT_CONVERSION = YES;
				CLANG_WARN_DEPRECATED_OBJC_IMPLEMENTATIONS = YES;
				CLANG_WARN_DIRECT_OBJC_ISA_USAGE = YES_ERROR;
				CLANG_WARN_DOCUMENTATION_COMMENTS = YES;
				CLANG_WARN_EMPTY_BODY = YES;
				CLANG_WARN_ENUM_CONVERSION = YES;
				CLANG_WARN_INFINITE_RECURSION = YES;
				CLANG_WARN_INT_CONVERSION = YES;
				CLANG_WARN_NON_LITERAL_NULL_CONVERSION = YES;
				CLANG_WARN_OBJC_IMPLICIT_RETAIN_SELF = YES;
				CLANG_WARN_OBJC_LITERAL_CONVERSION = YES;
				CLANG_WARN_OBJC_ROOT_CLASS = YES_ERROR;
				CLANG_WARN_QUOTED_INCLUDE_IN_FRAMEWORK_HEADER = YES;
				CLANG_WARN_RANGE_LOOP_ANALYSIS = YES;
				CLANG_WARN_STRICT_PROTOTYPES = YES;
				CLANG_WARN_SUSPICIOUS_MOVE = YES;
				CLANG_WARN_UNGUARDED_AVAILABILITY = YES_AGGRESSIVE;
				CLANG_WARN_UNREACHABLE_CODE = YES;
				CLANG_WARN__DUPLICATE_METHOD_MATCH = YES;
				COPY_PHASE_STRIP = NO;
				DEBUG_INFORMATION_FORMAT = dwarf;
				ENABLE_STRICT_OBJC_MSGSEND = YES;
				ENABLE_TESTABILITY = YES;
				ENABLE_USER_SCRIPT_SANDBOXING = YES;
				GCC_C_LANGUAGE_STANDARD = gnu17;
				GCC_DYNAMIC_NO_PIC = NO;
				GCC_NO_COMMON_BLOCKS = YES;
				GCC_OPTIMIZATION_LEVEL = 0;
				GCC_PREPROCESSOR_DEFINITIONS = (
					"DEBUG=1",
					"$(inherited)",
				);
				GCC_WARN_64_TO_32_BIT_CONVERSION = YES;
				GCC_WARN_ABOUT_RETURN_TYPE = YES_ERROR;
				GCC_WARN_UNDECLARED_SELECTOR = YES;
				GCC_WARN_UNINITIALIZED_AUTOS = YES_AGGRESSIVE;
				GCC_WARN_UNUSED_FUNCTION = YES;
				GCC_WARN_UNUSED_VARIABLE = YES;
				LOCALIZATION_PREFERS_STRING_CATALOGS = YES;
				MACOSX_DEPLOYMENT_TARGET = 14.5;
				MTL_ENABLE_DEBUG_INFO = INCLUDE_SOURCE;
				MTL_FAST_MATH = YES;
				ONLY_ACTIVE_ARCH = YES;
				SDKROOT = macosx;
				SWIFT_ACTIVE_COMPILATION_CONDITIONS = "DEBUG $(inherited)";
				SWIFT_OPTIMIZATION_LEVEL = "-Onone";
			};
			name = Debug;
		};
		D1A6F2C72E3B614F006A2DEC /* Release */ = {
			isa = XCBuildConfiguration;
			buildSettings = {
				ALWAYS_SEARCH_USER_PATHS = NO;
				ASSETCATALOG_COMPILER_GENERATE_SWIFT_ASSET_SYMBOL_EXTENSIONS = YES;
				CLANG_ANALYZER_NONNULL = YES;
				CLANG_ANALYZER_NUMBER_OBJECT_CONVERSION = YES_AGGRESSIVE;
				CLANG_CXX_LANGUAGE_STANDARD = "gnu++20";
				CLANG_ENABLE_MODULES = YES;
				CLANG_ENABLE_OBJC_ARC = YES;
				CLANG_ENABLE_OBJC_WEAK = YES;
				CLANG_WARN_BLOCK_CAPTURE_AUTORELEASING = YES;
				CLANG_WARN_BOOL_CONVERSION = YES;
				CLANG_WARN_COMMA = YES;
				CLANG_WARN_CONSTANT_CONVERSION = YES;
				CLANG_WARN_DEPRECATED_OBJC_IMPLEMENTATIONS = YES;
				CLANG_WARN_DIRECT_OBJC_ISA_USAGE = YES_ERROR;
				CLANG_WARN_DOCUMENTATION_COMMENTS = YES;
				CLANG_WARN_EMPTY_BODY = YES;
				CLANG_WARN_ENUM_CONVERSION = YES;
				CLANG_WARN_INFINITE_RECURSION = YES;
				CLANG_WARN_INT_CONVERSION = YES;
				CLANG_WARN_NON_LITERAL_NULL_CONVERSION = YES;
				CLANG_WARN_OBJC_IMPLICIT_RETAIN_SELF = YES;
				CLANG_WARN_OBJC_LITERAL_CONVERSION = YES;
				CLANG_WARN_OBJC_ROOT_CLASS = YES_ERROR;
				CLANG_WARN_QUOTED_INCLUDE_IN_FRAMEWORK_HEADER = YES;
				CLANG_WARN_RANGE_LOOP_ANALYSIS = YES;
				CLANG_WARN_STRICT_PROTOTYPES = YES;
				CLANG_WARN_SUSPICIOUS_MOVE = YES;
				CLANG_WARN_UNGUARDED_AVAILABILITY = YES_AGGRESSIVE;
				CLANG_WARN_UNREACHABLE_CODE = YES;
				CLANG_WARN__DUPLICATE_METHOD_MATCH = YES;
				COPY_PHASE_STRIP = NO;
				DEBUG_INFORMATION_FORMAT = "dwarf-with-dsym";
				ENABLE_NS_ASSERTIONS = NO;
				ENABLE_STRICT_OBJC_MSGSEND = YES;
				ENABLE_USER_SCRIPT_SANDBOXING = YES;
				GCC_C_LANGUAGE_STANDARD = gnu17;
				GCC_NO_COMMON_BLOCKS = YES;
				GCC_WARN_64_TO_32_BIT_CONVERSION = YES;
				GCC_WARN_ABOUT_RETURN_TYPE = YES_ERROR;
				GCC_WARN_UNDECLARED_SELECTOR = YES;
				GCC_WARN_UNINITIALIZED_AUTOS = YES_AGGRESSIVE;
				GCC_WARN_UNUSED_FUNCTION = YES;
				GCC_WARN_UNUSED_VARIABLE = YES;
				LOCALIZATION_PREFERS_STRING_CATALOGS = YES;
				MACOSX_DEPLOYMENT_TARGET = 14.5;
				MTL_ENABLE_DEBUG_INFO = NO;
				MTL_FAST_MATH = YES;
				SDKROOT = macosx;
				SWIFT_COMPILATION_MODE = wholemodule;
			};
			name = Release;
		};
		D1A6F2C92E3B614F006A2DEC /* Debug */ = {
			isa = XCBuildConfiguration;
			buildSettings = {
				ASSETCATALOG_COMPILER_APPICON_NAME = AppIcon;
				ASSETCATALOG_COMPILER_GLOBAL_ACCENT_COLOR_NAME = AccentColor;
				CODE_SIGN_ENTITLEMENTS = "DemoVideo-mac/DemoVideo_mac.entitlements";
				CODE_SIGN_STYLE = Automatic;
				COMBINE_HIDPI_IMAGES = YES;
				CURRENT_PROJECT_VERSION = 1;
				DEVELOPMENT_ASSET_PATHS = "\"DemoVideo-mac/Preview Content\"";
				DEVELOPMENT_TEAM = 73CPT4KSUP;
				ENABLE_HARDENED_RUNTIME = YES;
				ENABLE_PREVIEWS = YES;
				GENERATE_INFOPLIST_FILE = YES;
				INFOPLIST_KEY_NSHumanReadableCopyright = "";
				LD_RUNPATH_SEARCH_PATHS = (
					"$(inherited)",
					"@executable_path/../Frameworks",
				);
				MARKETING_VERSION = 1.0;
				PRODUCT_BUNDLE_IDENTIFIER = "xyz.iammxmm.DemoVideo-mac";
				PRODUCT_NAME = "$(TARGET_NAME)";
				SWIFT_EMIT_LOC_STRINGS = YES;
				SWIFT_VERSION = 5.0;
			};
			name = Debug;
		};
		D1A6F2CA2E3B614F006A2DEC /* Release */ = {
			isa = XCBuildConfiguration;
			buildSettings = {
				ASSETCATALOG_COMPILER_APPICON_NAME = AppIcon;
				ASSETCATALOG_COMPILER_GLOBAL_ACCENT_COLOR_NAME = AccentColor;
				CODE_SIGN_ENTITLEMENTS = "DemoVideo-mac/DemoVideo_mac.entitlements";
				CODE_SIGN_STYLE = Automatic;
				COMBINE_HIDPI_IMAGES = YES;
				CURRENT_PROJECT_VERSION = 1;
				DEVELOPMENT_ASSET_PATHS = "\"DemoVideo-mac/Preview Content\"";
				DEVELOPMENT_TEAM = 73CPT4KSUP;
				ENABLE_HARDENED_RUNTIME = YES;
				ENABLE_PREVIEWS = YES;
				GENERATE_INFOPLIST_FILE = YES;
				INFOPLIST_KEY_NSHumanReadableCopyright = "";
				LD_RUNPATH_SEARCH_PATHS = (
					"$(inherited)",
					"@executable_path/../Frameworks",
				);
				MARKETING_VERSION = 1.0;
				PRODUCT_BUNDLE_IDENTIFIER = "xyz.iammxmm.DemoVideo-mac";
				PRODUCT_NAME = "$(TARGET_NAME)";
				SWIFT_EMIT_LOC_STRINGS = YES;
				SWIFT_VERSION = 5.0;
			};
			name = Release;
		};
		D1A6F2CC2E3B614F006A2DEC /* Debug */ = {
			isa = XCBuildConfiguration;
			buildSettings = {
				ALWAYS_EMBED_SWIFT_STANDARD_LIBRARIES = YES;
				BUNDLE_LOADER = "$(TEST_HOST)";
				CODE_SIGN_STYLE = Automatic;
				CURRENT_PROJECT_VERSION = 1;
				DEVELOPMENT_TEAM = 73CPT4KSUP;
				GENERATE_INFOPLIST_FILE = YES;
				MACOSX_DEPLOYMENT_TARGET = 14.5;
				MARKETING_VERSION = 1.0;
				PRODUCT_BUNDLE_IDENTIFIER = "xyz.iammxmm.DemoVideo-macTests";
				PRODUCT_NAME = "$(TARGET_NAME)";
				SWIFT_EMIT_LOC_STRINGS = NO;
				SWIFT_VERSION = 5.0;
				TEST_HOST = "$(BUILT_PRODUCTS_DIR)/DemoVideo-mac.app/$(BUNDLE_EXECUTABLE_FOLDER_PATH)/DemoVideo-mac";
			};
			name = Debug;
		};
		D1A6F2CD2E3B614F006A2DEC /* Release */ = {
			isa = XCBuildConfiguration;
			buildSettings = {
				ALWAYS_EMBED_SWIFT_STANDARD_LIBRARIES = YES;
				BUNDLE_LOADER = "$(TEST_HOST)";
				CODE_SIGN_STYLE = Automatic;
				CURRENT_PROJECT_VERSION = 1;
				DEVELOPMENT_TEAM = 73CPT4KSUP;
				GENERATE_INFOPLIST_FILE = YES;
				MACOSX_DEPLOYMENT_TARGET = 14.5;
				MARKETING_VERSION = 1.0;
				PRODUCT_BUNDLE_IDENTIFIER = "xyz.iammxmm.DemoVideo-macTests";
				PRODUCT_NAME = "$(TARGET_NAME)";
				SWIFT_EMIT_LOC_STRINGS = NO;
				SWIFT_VERSION = 5.0;
				TEST_HOST = "$(BUILT_PRODUCTS_DIR)/DemoVideo-mac.app/$(BUNDLE_EXECUTABLE_FOLDER_PATH)/DemoVideo-mac";
			};
			name = Release;
		};
		D1A6F2CF2E3B614F006A2DEC /* Debug */ = {
			isa = XCBuildConfiguration;
			buildSettings = {
				ALWAYS_EMBED_SWIFT_STANDARD_LIBRARIES = YES;
				CODE_SIGN_STYLE = Automatic;
				CURRENT_PROJECT_VERSION = 1;
				DEVELOPMENT_TEAM = 73CPT4KSUP;
				GENERATE_INFOPLIST_FILE = YES;
				MARKETING_VERSION = 1.0;
				PRODUCT_BUNDLE_IDENTIFIER = "xyz.iammxmm.DemoVideo-macUITests";
				PRODUCT_NAME = "$(TARGET_NAME)";
				SWIFT_EMIT_LOC_STRINGS = NO;
				SWIFT_VERSION = 5.0;
				TEST_TARGET_NAME = "DemoVideo-mac";
			};
			name = Debug;
		};
		D1A6F2D02E3B614F006A2DEC /* Release */ = {
			isa = XCBuildConfiguration;
			buildSettings = {
				ALWAYS_EMBED_SWIFT_STANDARD_LIBRARIES = YES;
				CODE_SIGN_STYLE = Automatic;
				CURRENT_PROJECT_VERSION = 1;
				DEVELOPMENT_TEAM = 73CPT4KSUP;
				GENERATE_INFOPLIST_FILE = YES;
				MARKETING_VERSION = 1.0;
				PRODUCT_BUNDLE_IDENTIFIER = "xyz.iammxmm.DemoVideo-macUITests";
				PRODUCT_NAME = "$(TARGET_NAME)";
				SWIFT_EMIT_LOC_STRINGS = NO;
				SWIFT_VERSION = 5.0;
				TEST_TARGET_NAME = "DemoVideo-mac";
			};
			name = Release;
		};
/* End XCBuildConfiguration section */

/* Begin XCConfigurationList section */
		D1A6F29E2E3B614E006A2DEC /* Build configuration list for PBXProject "DemoVideo-mac" */ = {
			isa = XCConfigurationList;
			buildConfigurations = (
				D1A6F2C62E3B614F006A2DEC /* Debug */,
				D1A6F2C72E3B614F006A2DEC /* Release */,
			);
			defaultConfigurationIsVisible = 0;
			defaultConfigurationName = Release;
		};
		D1A6F2C82E3B614F006A2DEC /* Build configuration list for PBXNativeTarget "DemoVideo-mac" */ = {
			isa = XCConfigurationList;
			buildConfigurations = (
				D1A6F2C92E3B614F006A2DEC /* Debug */,
				D1A6F2CA2E3B614F006A2DEC /* Release */,
			);
			defaultConfigurationIsVisible = 0;
			defaultConfigurationName = Release;
		};
		D1A6F2CB2E3B614F006A2DEC /* Build configuration list for PBXNativeTarget "DemoVideo-macTests" */ = {
			isa = XCConfigurationList;
			buildConfigurations = (
				D1A6F2CC2E3B614F006A2DEC /* Debug */,
				D1A6F2CD2E3B614F006A2DEC /* Release */,
			);
			defaultConfigurationIsVisible = 0;
			defaultConfigurationName = Release;
		};
		D1A6F2CE2E3B614F006A2DEC /* Build configuration list for PBXNativeTarget "DemoVideo-macUITests" */ = {
			isa = XCConfigurationList;
			buildConfigurations = (
				D1A6F2CF2E3B614F006A2DEC /* Debug */,
				D1A6F2D02E3B614F006A2DEC /* Release */,
			);
			defaultConfigurationIsVisible = 0;
			defaultConfigurationName = Release;
		};
/* End XCConfigurationList section */
	};
	rootObject = D1A6F29B2E3B614E006A2DEC /* Project object */;
}
